// !$*UTF8*$!
{
	archiveVersion = 1;
	classes = {
	};
	objectVersion = 50;
	objects = {

/* Begin PBXBuildFile section */
		3A371DA926F1D59100535A2F /* DatePickTextField.swift in Sources */ = {isa = PBXBuildFile; fileRef = 3A371DA826F1D59100535A2F /* DatePickTextField.swift */; };
		3A83C48C26EDB90000012CF3 /* TaskEditModal.storyboard in Resources */ = {isa = PBXBuildFile; fileRef = 3A83C48B26EDB90000012CF3 /* TaskEditModal.storyboard */; };
		3A83C48E26EDE5E500012CF3 /* TaskEditModalViewController.swift in Sources */ = {isa = PBXBuildFile; fileRef = 3A83C48D26EDE5E500012CF3 /* TaskEditModalViewController.swift */; };
		3A83C49026EE150400012CF3 /* PlaceTextView.swift in Sources */ = {isa = PBXBuildFile; fileRef = 3A83C48F26EE150400012CF3 /* PlaceTextView.swift */; };
		3A83C49226EF5AE300012CF3 /* UITextView+Extension.swift in Sources */ = {isa = PBXBuildFile; fileRef = 3A83C49126EF5AE300012CF3 /* UITextView+Extension.swift */; };
		3A8BD81A26D9F84B005158B6 /* AppDelegate.swift in Sources */ = {isa = PBXBuildFile; fileRef = 3A8BD81926D9F84B005158B6 /* AppDelegate.swift */; };
		3A8BD81C26D9F84B005158B6 /* SceneDelegate.swift in Sources */ = {isa = PBXBuildFile; fileRef = 3A8BD81B26D9F84B005158B6 /* SceneDelegate.swift */; };
		3A8BD81E26D9F84B005158B6 /* ViewController.swift in Sources */ = {isa = PBXBuildFile; fileRef = 3A8BD81D26D9F84B005158B6 /* ViewController.swift */; };
		3A8BD82126D9F84B005158B6 /* Main.storyboard in Resources */ = {isa = PBXBuildFile; fileRef = 3A8BD81F26D9F84B005158B6 /* Main.storyboard */; };
		3A8BD82326D9F84C005158B6 /* Assets.xcassets in Resources */ = {isa = PBXBuildFile; fileRef = 3A8BD82226D9F84C005158B6 /* Assets.xcassets */; };
		3A8BD82626D9F84C005158B6 /* LaunchScreen.storyboard in Resources */ = {isa = PBXBuildFile; fileRef = 3A8BD82426D9F84C005158B6 /* LaunchScreen.storyboard */; };
		3AE2BF1026F40D4B00218532 /* TaskCreateModal.storyboard in Resources */ = {isa = PBXBuildFile; fileRef = 3AE2BF0F26F40D4B00218532 /* TaskCreateModal.storyboard */; };
		3AE2BF1226F4116D00218532 /* TaskCreateModalViewController.swift in Sources */ = {isa = PBXBuildFile; fileRef = 3AE2BF1126F4116D00218532 /* TaskCreateModalViewController.swift */; };
		3AE2BF1A26F4469000218532 /* StatusChangeButton.swift in Sources */ = {isa = PBXBuildFile; fileRef = 3AE2BF1926F4469000218532 /* StatusChangeButton.swift */; };
		3AE2BF1C26F7209C00218532 /* AccountScreenViewController.storyboard in Resources */ = {isa = PBXBuildFile; fileRef = 3AE2BF1B26F7209C00218532 /* AccountScreenViewController.storyboard */; };
		3AE2BF1F26F729A700218532 /* TaskNotificationTableViewCell.swift in Sources */ = {isa = PBXBuildFile; fileRef = 3AE2BF1D26F729A700218532 /* TaskNotificationTableViewCell.swift */; };
		3AE2BF2026F729A700218532 /* TaskNotificationTableViewCell.xib in Resources */ = {isa = PBXBuildFile; fileRef = 3AE2BF1E26F729A700218532 /* TaskNotificationTableViewCell.xib */; };
		3AE2BF2226F73AEB00218532 /* AccountScreenViewController.swift in Sources */ = {isa = PBXBuildFile; fileRef = 3AE2BF2126F73AEB00218532 /* AccountScreenViewController.swift */; };
		3AE2BF4926FADABF00218532 /* TaskData.swift in Sources */ = {isa = PBXBuildFile; fileRef = 3AE2BF4826FADABF00218532 /* TaskData.swift */; };
		3AE2BF4E26FADC0500218532 /* CustomCollectionViewCell.swift in Sources */ = {isa = PBXBuildFile; fileRef = 3AE2BF4C26FADC0500218532 /* CustomCollectionViewCell.swift */; };
		3AE2BF4F26FADC0500218532 /* CustomCollectionViewCell.xib in Resources */ = {isa = PBXBuildFile; fileRef = 3AE2BF4D26FADC0500218532 /* CustomCollectionViewCell.xib */; };
		3AE2BF5226FADCB500218532 /* CustomTableViewCell.swift in Sources */ = {isa = PBXBuildFile; fileRef = 3AE2BF5026FADCB500218532 /* CustomTableViewCell.swift */; };
		3AE2BF5326FADCB500218532 /* CustomTableViewCell.xib in Resources */ = {isa = PBXBuildFile; fileRef = 3AE2BF5126FADCB500218532 /* CustomTableViewCell.xib */; };
		3AE2BF5526FADCE500218532 /* TaskView.swift in Sources */ = {isa = PBXBuildFile; fileRef = 3AE2BF5426FADCE500218532 /* TaskView.swift */; };
		3AE2BF5726FAE30400218532 /* UICollectionView+Extension.swift in Sources */ = {isa = PBXBuildFile; fileRef = 3AE2BF5626FAE30400218532 /* UICollectionView+Extension.swift */; };
		3AE2BF5C26FB5F0B00218532 /* NextAndBranchTaskCreateModal.storyboard in Resources */ = {isa = PBXBuildFile; fileRef = 3AE2BF5B26FB5F0B00218532 /* NextAndBranchTaskCreateModal.storyboard */; };
		3AE2BF5E26FB609500218532 /* NextAndBranchTaskCreateModalViewController.swift in Sources */ = {isa = PBXBuildFile; fileRef = 3AE2BF5D26FB609500218532 /* NextAndBranchTaskCreateModalViewController.swift */; };
		7B44CF6F26DA6341004F0E26 /* NSObject+Extension.swift in Sources */ = {isa = PBXBuildFile; fileRef = 7B44CF6E26DA6341004F0E26 /* NSObject+Extension.swift */; };
		7B44CF7326DA6571004F0E26 /* UIApplication+Extension.swift in Sources */ = {isa = PBXBuildFile; fileRef = 7B44CF7226DA6571004F0E26 /* UIApplication+Extension.swift */; };
/* End PBXBuildFile section */

/* Begin PBXFileReference section */
		3A371DA826F1D59100535A2F /* DatePickTextField.swift */ = {isa = PBXFileReference; lastKnownFileType = sourcecode.swift; path = DatePickTextField.swift; sourceTree = "<group>"; };
		3A83C48B26EDB90000012CF3 /* TaskEditModal.storyboard */ = {isa = PBXFileReference; lastKnownFileType = file.storyboard; path = TaskEditModal.storyboard; sourceTree = "<group>"; };
		3A83C48D26EDE5E500012CF3 /* TaskEditModalViewController.swift */ = {isa = PBXFileReference; lastKnownFileType = sourcecode.swift; path = TaskEditModalViewController.swift; sourceTree = "<group>"; };
		3A83C48F26EE150400012CF3 /* PlaceTextView.swift */ = {isa = PBXFileReference; lastKnownFileType = sourcecode.swift; path = PlaceTextView.swift; sourceTree = "<group>"; };
		3A83C49126EF5AE300012CF3 /* UITextView+Extension.swift */ = {isa = PBXFileReference; lastKnownFileType = sourcecode.swift; path = "UITextView+Extension.swift"; sourceTree = "<group>"; };
		3A8BD81626D9F84B005158B6 /* Ashiato.app */ = {isa = PBXFileReference; explicitFileType = wrapper.application; includeInIndex = 0; path = Ashiato.app; sourceTree = BUILT_PRODUCTS_DIR; };
		3A8BD81926D9F84B005158B6 /* AppDelegate.swift */ = {isa = PBXFileReference; lastKnownFileType = sourcecode.swift; path = AppDelegate.swift; sourceTree = "<group>"; };
		3A8BD81B26D9F84B005158B6 /* SceneDelegate.swift */ = {isa = PBXFileReference; lastKnownFileType = sourcecode.swift; path = SceneDelegate.swift; sourceTree = "<group>"; };
		3A8BD81D26D9F84B005158B6 /* ViewController.swift */ = {isa = PBXFileReference; lastKnownFileType = sourcecode.swift; path = ViewController.swift; sourceTree = "<group>"; };
		3A8BD82026D9F84B005158B6 /* Base */ = {isa = PBXFileReference; lastKnownFileType = file.storyboard; name = Base; path = Base.lproj/Main.storyboard; sourceTree = "<group>"; };
		3A8BD82226D9F84C005158B6 /* Assets.xcassets */ = {isa = PBXFileReference; lastKnownFileType = folder.assetcatalog; path = Assets.xcassets; sourceTree = "<group>"; };
		3A8BD82526D9F84C005158B6 /* Base */ = {isa = PBXFileReference; lastKnownFileType = file.storyboard; name = Base; path = Base.lproj/LaunchScreen.storyboard; sourceTree = "<group>"; };
		3A8BD82726D9F84C005158B6 /* Info.plist */ = {isa = PBXFileReference; lastKnownFileType = text.plist.xml; path = Info.plist; sourceTree = "<group>"; };
		3AE2BF0F26F40D4B00218532 /* TaskCreateModal.storyboard */ = {isa = PBXFileReference; lastKnownFileType = file.storyboard; path = TaskCreateModal.storyboard; sourceTree = "<group>"; };
		3AE2BF1126F4116D00218532 /* TaskCreateModalViewController.swift */ = {isa = PBXFileReference; lastKnownFileType = sourcecode.swift; path = TaskCreateModalViewController.swift; sourceTree = "<group>"; };
		3AE2BF1926F4469000218532 /* StatusChangeButton.swift */ = {isa = PBXFileReference; lastKnownFileType = sourcecode.swift; path = StatusChangeButton.swift; sourceTree = "<group>"; };
		3AE2BF1B26F7209C00218532 /* AccountScreenViewController.storyboard */ = {isa = PBXFileReference; lastKnownFileType = file.storyboard; path = AccountScreenViewController.storyboard; sourceTree = "<group>"; };
		3AE2BF1D26F729A700218532 /* TaskNotificationTableViewCell.swift */ = {isa = PBXFileReference; lastKnownFileType = sourcecode.swift; path = TaskNotificationTableViewCell.swift; sourceTree = "<group>"; };
		3AE2BF1E26F729A700218532 /* TaskNotificationTableViewCell.xib */ = {isa = PBXFileReference; lastKnownFileType = file.xib; path = TaskNotificationTableViewCell.xib; sourceTree = "<group>"; };
		3AE2BF2126F73AEB00218532 /* AccountScreenViewController.swift */ = {isa = PBXFileReference; lastKnownFileType = sourcecode.swift; path = AccountScreenViewController.swift; sourceTree = "<group>"; };
		3AE2BF4826FADABF00218532 /* TaskData.swift */ = {isa = PBXFileReference; lastKnownFileType = sourcecode.swift; path = TaskData.swift; sourceTree = "<group>"; };
		3AE2BF4C26FADC0500218532 /* CustomCollectionViewCell.swift */ = {isa = PBXFileReference; lastKnownFileType = sourcecode.swift; path = CustomCollectionViewCell.swift; sourceTree = "<group>"; };
		3AE2BF4D26FADC0500218532 /* CustomCollectionViewCell.xib */ = {isa = PBXFileReference; lastKnownFileType = file.xib; path = CustomCollectionViewCell.xib; sourceTree = "<group>"; };
		3AE2BF5026FADCB500218532 /* CustomTableViewCell.swift */ = {isa = PBXFileReference; lastKnownFileType = sourcecode.swift; path = CustomTableViewCell.swift; sourceTree = "<group>"; };
		3AE2BF5126FADCB500218532 /* CustomTableViewCell.xib */ = {isa = PBXFileReference; lastKnownFileType = file.xib; path = CustomTableViewCell.xib; sourceTree = "<group>"; };
		3AE2BF5426FADCE500218532 /* TaskView.swift */ = {isa = PBXFileReference; lastKnownFileType = sourcecode.swift; path = TaskView.swift; sourceTree = "<group>"; };
		3AE2BF5626FAE30400218532 /* UICollectionView+Extension.swift */ = {isa = PBXFileReference; lastKnownFileType = sourcecode.swift; path = "UICollectionView+Extension.swift"; sourceTree = "<group>"; };
		3AE2BF5B26FB5F0B00218532 /* NextAndBranchTaskCreateModal.storyboard */ = {isa = PBXFileReference; lastKnownFileType = file.storyboard; path = NextAndBranchTaskCreateModal.storyboard; sourceTree = "<group>"; };
		3AE2BF5D26FB609500218532 /* NextAndBranchTaskCreateModalViewController.swift */ = {isa = PBXFileReference; lastKnownFileType = sourcecode.swift; path = NextAndBranchTaskCreateModalViewController.swift; sourceTree = "<group>"; };
		7B44CF6E26DA6341004F0E26 /* NSObject+Extension.swift */ = {isa = PBXFileReference; lastKnownFileType = sourcecode.swift; path = "NSObject+Extension.swift"; sourceTree = "<group>"; };
		7B44CF7226DA6571004F0E26 /* UIApplication+Extension.swift */ = {isa = PBXFileReference; lastKnownFileType = sourcecode.swift; path = "UIApplication+Extension.swift"; sourceTree = "<group>"; };
/* End PBXFileReference section */

/* Begin PBXFrameworksBuildPhase section */
		3A8BD81326D9F84B005158B6 /* Frameworks */ = {
			isa = PBXFrameworksBuildPhase;
			buildActionMask = 2147483647;
			files = (
			);
			runOnlyForDeploymentPostprocessing = 0;
		};
/* End PBXFrameworksBuildPhase section */

/* Begin PBXGroup section */
		3A8BD80D26D9F84B005158B6 = {
			isa = PBXGroup;
			children = (
				3A8BD81826D9F84B005158B6 /* Ashiato */,
				3A8BD81726D9F84B005158B6 /* Products */,
			);
			sourceTree = "<group>";
		};
		3A8BD81726D9F84B005158B6 /* Products */ = {
			isa = PBXGroup;
			children = (
				3A8BD81626D9F84B005158B6 /* Ashiato.app */,
			);
			name = Products;
			sourceTree = "<group>";
		};
		3A8BD81826D9F84B005158B6 /* Ashiato */ = {
			isa = PBXGroup;
			children = (
				3AE2BF4326FAD5CE00218532 /* group */,
				3A8BD81926D9F84B005158B6 /* AppDelegate.swift */,
				3A8BD81B26D9F84B005158B6 /* SceneDelegate.swift */,
				3A83C48F26EE150400012CF3 /* PlaceTextView.swift */,
				3A371DA826F1D59100535A2F /* DatePickTextField.swift */,
				3AE2BF1926F4469000218532 /* StatusChangeButton.swift */,
				3AE2BF5A26FB5D8B00218532 /* nextAndBrunchTask */,
				7B44CF6C26DA62E0004F0E26 /* controller */,
				7B44CF6D26DA62F1004F0E26 /* extension */,
				3A8BD81F26D9F84B005158B6 /* Main.storyboard */,
				3AE2BF1B26F7209C00218532 /* AccountScreenViewController.storyboard */,
				3AE2BF2126F73AEB00218532 /* AccountScreenViewController.swift */,
				3AE2BF1D26F729A700218532 /* TaskNotificationTableViewCell.swift */,
				3AE2BF1E26F729A700218532 /* TaskNotificationTableViewCell.xib */,
				3A8BD82226D9F84C005158B6 /* Assets.xcassets */,
				3A83C48B26EDB90000012CF3 /* TaskEditModal.storyboard */,
				3AE2BF0F26F40D4B00218532 /* TaskCreateModal.storyboard */,
				3A8BD82426D9F84C005158B6 /* LaunchScreen.storyboard */,
				3A8BD82726D9F84C005158B6 /* Info.plist */,
			);
			path = Ashiato;
			sourceTree = "<group>";
		};
		3AE2BF4326FAD5CE00218532 /* group */ = {
			isa = PBXGroup;
			children = (
				3AE2BF4826FADABF00218532 /* TaskData.swift */,
				3AE2BF5426FADCE500218532 /* TaskView.swift */,
				3AE2BF4C26FADC0500218532 /* CustomCollectionViewCell.swift */,
				3AE2BF4D26FADC0500218532 /* CustomCollectionViewCell.xib */,
				3AE2BF5026FADCB500218532 /* CustomTableViewCell.swift */,
				3AE2BF5126FADCB500218532 /* CustomTableViewCell.xib */,
				3AE2BF5626FAE30400218532 /* UICollectionView+Extension.swift */,
			);
			path = group;
			sourceTree = "<group>";
		};
		3AE2BF5A26FB5D8B00218532 /* nextAndBrunchTask */ = {
			isa = PBXGroup;
			children = (
				3AE2BF5B26FB5F0B00218532 /* NextAndBranchTaskCreateModal.storyboard */,
				3AE2BF5D26FB609500218532 /* NextAndBranchTaskCreateModalViewController.swift */,
			);
			path = nextAndBrunchTask;
			sourceTree = "<group>";
		};
		7B44CF6C26DA62E0004F0E26 /* controller */ = {
			isa = PBXGroup;
			children = (
				3A8BD81D26D9F84B005158B6 /* ViewController.swift */,
				3A83C48D26EDE5E500012CF3 /* TaskEditModalViewController.swift */,
				3AE2BF1126F4116D00218532 /* TaskCreateModalViewController.swift */,
			);
			path = controller;
			sourceTree = "<group>";
		};
		7B44CF6D26DA62F1004F0E26 /* extension */ = {
			isa = PBXGroup;
			children = (
				7B44CF6E26DA6341004F0E26 /* NSObject+Extension.swift */,
				3A83C49126EF5AE300012CF3 /* UITextView+Extension.swift */,
				7B44CF7226DA6571004F0E26 /* UIApplication+Extension.swift */,
			);
			path = extension;
			sourceTree = "<group>";
		};
/* End PBXGroup section */

/* Begin PBXNativeTarget section */
		3A8BD81526D9F84B005158B6 /* Ashiato */ = {
			isa = PBXNativeTarget;
			buildConfigurationList = 3A8BD82A26D9F84C005158B6 /* Build configuration list for PBXNativeTarget "Ashiato" */;
			buildPhases = (
				3A8BD81226D9F84B005158B6 /* Sources */,
				3A8BD81326D9F84B005158B6 /* Frameworks */,
				3A8BD81426D9F84B005158B6 /* Resources */,
			);
			buildRules = (
			);
			dependencies = (
			);
			name = Ashiato;
			productName = Ashiato;
			productReference = 3A8BD81626D9F84B005158B6 /* Ashiato.app */;
			productType = "com.apple.product-type.application";
		};
/* End PBXNativeTarget section */

/* Begin PBXProject section */
		3A8BD80E26D9F84B005158B6 /* Project object */ = {
			isa = PBXProject;
			attributes = {
				LastSwiftUpdateCheck = 1250;
				LastUpgradeCheck = 1250;
				TargetAttributes = {
					3A8BD81526D9F84B005158B6 = {
						CreatedOnToolsVersion = 12.5.1;
					};
				};
			};
			buildConfigurationList = 3A8BD81126D9F84B005158B6 /* Build configuration list for PBXProject "Ashiato" */;
			compatibilityVersion = "Xcode 9.3";
			developmentRegion = en;
			hasScannedForEncodings = 0;
			knownRegions = (
				en,
				Base,
			);
			mainGroup = 3A8BD80D26D9F84B005158B6;
			productRefGroup = 3A8BD81726D9F84B005158B6 /* Products */;
			projectDirPath = "";
			projectRoot = "";
			targets = (
				3A8BD81526D9F84B005158B6 /* Ashiato */,
			);
		};
/* End PBXProject section */

/* Begin PBXResourcesBuildPhase section */
		3A8BD81426D9F84B005158B6 /* Resources */ = {
			isa = PBXResourcesBuildPhase;
			buildActionMask = 2147483647;
			files = (
				3A8BD82626D9F84C005158B6 /* LaunchScreen.storyboard in Resources */,
				3AE2BF2026F729A700218532 /* TaskNotificationTableViewCell.xib in Resources */,
				3AE2BF5C26FB5F0B00218532 /* NextAndBranchTaskCreateModal.storyboard in Resources */,
				3A83C48C26EDB90000012CF3 /* TaskEditModal.storyboard in Resources */,
				3A8BD82326D9F84C005158B6 /* Assets.xcassets in Resources */,
				3AE2BF4F26FADC0500218532 /* CustomCollectionViewCell.xib in Resources */,
				3AE2BF1026F40D4B00218532 /* TaskCreateModal.storyboard in Resources */,
				3AE2BF1C26F7209C00218532 /* AccountScreenViewController.storyboard in Resources */,
				3AE2BF5326FADCB500218532 /* CustomTableViewCell.xib in Resources */,
				3A8BD82126D9F84B005158B6 /* Main.storyboard in Resources */,
			);
			runOnlyForDeploymentPostprocessing = 0;
		};
/* End PBXResourcesBuildPhase section */

/* Begin PBXSourcesBuildPhase section */
		3A8BD81226D9F84B005158B6 /* Sources */ = {
			isa = PBXSourcesBuildPhase;
			buildActionMask = 2147483647;
			files = (
				3AE2BF5226FADCB500218532 /* CustomTableViewCell.swift in Sources */,
				3A83C49226EF5AE300012CF3 /* UITextView+Extension.swift in Sources */,
				3A8BD81E26D9F84B005158B6 /* ViewController.swift in Sources */,
				3A371DA926F1D59100535A2F /* DatePickTextField.swift in Sources */,
				3A8BD81A26D9F84B005158B6 /* AppDelegate.swift in Sources */,
				3AE2BF1226F4116D00218532 /* TaskCreateModalViewController.swift in Sources */,
				3A8BD81C26D9F84B005158B6 /* SceneDelegate.swift in Sources */,
				3AE2BF4926FADABF00218532 /* TaskData.swift in Sources */,
				3A83C49026EE150400012CF3 /* PlaceTextView.swift in Sources */,
				3AE2BF5E26FB609500218532 /* NextAndBranchTaskCreateModalViewController.swift in Sources */,
				3AE2BF4E26FADC0500218532 /* CustomCollectionViewCell.swift in Sources */,
				3AE2BF1F26F729A700218532 /* TaskNotificationTableViewCell.swift in Sources */,
				3A83C48E26EDE5E500012CF3 /* TaskEditModalViewController.swift in Sources */,
				3AE2BF1A26F4469000218532 /* StatusChangeButton.swift in Sources */,
				3AE2BF2226F73AEB00218532 /* AccountScreenViewController.swift in Sources */,
				7B44CF7326DA6571004F0E26 /* UIApplication+Extension.swift in Sources */,
				3AE2BF5726FAE30400218532 /* UICollectionView+Extension.swift in Sources */,
				7B44CF6F26DA6341004F0E26 /* NSObject+Extension.swift in Sources */,
				3AE2BF5526FADCE500218532 /* TaskView.swift in Sources */,
			);
			runOnlyForDeploymentPostprocessing = 0;
		};
/* End PBXSourcesBuildPhase section */

/* Begin PBXVariantGroup section */
		3A8BD81F26D9F84B005158B6 /* Main.storyboard */ = {
			isa = PBXVariantGroup;
			children = (
				3A8BD82026D9F84B005158B6 /* Base */,
			);
			name = Main.storyboard;
			sourceTree = "<group>";
		};
		3A8BD82426D9F84C005158B6 /* LaunchScreen.storyboard */ = {
			isa = PBXVariantGroup;
			children = (
				3A8BD82526D9F84C005158B6 /* Base */,
			);
			name = LaunchScreen.storyboard;
			sourceTree = "<group>";
		};
/* End PBXVariantGroup section */

/* Begin XCBuildConfiguration section */
		3A8BD82826D9F84C005158B6 /* Debug */ = {
			isa = XCBuildConfiguration;
			buildSettings = {
				ALWAYS_SEARCH_USER_PATHS = NO;
				CLANG_ANALYZER_NONNULL = YES;
				CLANG_ANALYZER_NUMBER_OBJECT_CONVERSION = YES_AGGRESSIVE;
				CLANG_CXX_LANGUAGE_STANDARD = "gnu++14";
				CLANG_CXX_LIBRARY = "libc++";
				CLANG_ENABLE_MODULES = YES;
				CLANG_ENABLE_OBJC_ARC = YES;
				CLANG_ENABLE_OBJC_WEAK = YES;
				CLANG_WARN_BLOCK_CAPTURE_AUTORELEASING = YES;
				CLANG_WARN_BOOL_CONVERSION = YES;
				CLANG_WARN_COMMA = YES;
				CLANG_WARN_CONSTANT_CONVERSION = YES;
				CLANG_WARN_DEPRECATED_OBJC_IMPLEMENTATIONS = YES;
				CLANG_WARN_DIRECT_OBJC_ISA_USAGE = YES_ERROR;
				CLANG_WARN_DOCUMENTATION_COMMENTS = YES;
				CLANG_WARN_EMPTY_BODY = YES;
				CLANG_WARN_ENUM_CONVERSION = YES;
				CLANG_WARN_INFINITE_RECURSION = YES;
				CLANG_WARN_INT_CONVERSION = YES;
				CLANG_WARN_NON_LITERAL_NULL_CONVERSION = YES;
				CLANG_WARN_OBJC_IMPLICIT_RETAIN_SELF = YES;
				CLANG_WARN_OBJC_LITERAL_CONVERSION = YES;
				CLANG_WARN_OBJC_ROOT_CLASS = YES_ERROR;
				CLANG_WARN_QUOTED_INCLUDE_IN_FRAMEWORK_HEADER = YES;
				CLANG_WARN_RANGE_LOOP_ANALYSIS = YES;
				CLANG_WARN_STRICT_PROTOTYPES = YES;
				CLANG_WARN_SUSPICIOUS_MOVE = YES;
				CLANG_WARN_UNGUARDED_AVAILABILITY = YES_AGGRESSIVE;
				CLANG_WARN_UNREACHABLE_CODE = YES;
				CLANG_WARN__DUPLICATE_METHOD_MATCH = YES;
				COPY_PHASE_STRIP = NO;
				DEBUG_INFORMATION_FORMAT = dwarf;
				ENABLE_STRICT_OBJC_MSGSEND = YES;
				ENABLE_TESTABILITY = YES;
				GCC_C_LANGUAGE_STANDARD = gnu11;
				GCC_DYNAMIC_NO_PIC = NO;
				GCC_NO_COMMON_BLOCKS = YES;
				GCC_OPTIMIZATION_LEVEL = 0;
				GCC_PREPROCESSOR_DEFINITIONS = (
					"DEBUG=1",
					"$(inherited)",
				);
				GCC_WARN_64_TO_32_BIT_CONVERSION = YES;
				GCC_WARN_ABOUT_RETURN_TYPE = YES_ERROR;
				GCC_WARN_UNDECLARED_SELECTOR = YES;
				GCC_WARN_UNINITIALIZED_AUTOS = YES_AGGRESSIVE;
				GCC_WARN_UNUSED_FUNCTION = YES;
				GCC_WARN_UNUSED_VARIABLE = YES;
				IPHONEOS_DEPLOYMENT_TARGET = 14.5;
				MTL_ENABLE_DEBUG_INFO = INCLUDE_SOURCE;
				MTL_FAST_MATH = YES;
				ONLY_ACTIVE_ARCH = YES;
				SDKROOT = iphoneos;
				SWIFT_ACTIVE_COMPILATION_CONDITIONS = DEBUG;
				SWIFT_OPTIMIZATION_LEVEL = "-Onone";
			};
			name = Debug;
		};
		3A8BD82926D9F84C005158B6 /* Release */ = {
			isa = XCBuildConfiguration;
			buildSettings = {
				ALWAYS_SEARCH_USER_PATHS = NO;
				CLANG_ANALYZER_NONNULL = YES;
				CLANG_ANALYZER_NUMBER_OBJECT_CONVERSION = YES_AGGRESSIVE;
				CLANG_CXX_LANGUAGE_STANDARD = "gnu++14";
				CLANG_CXX_LIBRARY = "libc++";
				CLANG_ENABLE_MODULES = YES;
				CLANG_ENABLE_OBJC_ARC = YES;
				CLANG_ENABLE_OBJC_WEAK = YES;
				CLANG_WARN_BLOCK_CAPTURE_AUTORELEASING = YES;
				CLANG_WARN_BOOL_CONVERSION = YES;
				CLANG_WARN_COMMA = YES;
				CLANG_WARN_CONSTANT_CONVERSION = YES;
				CLANG_WARN_DEPRECATED_OBJC_IMPLEMENTATIONS = YES;
				CLANG_WARN_DIRECT_OBJC_ISA_USAGE = YES_ERROR;
				CLANG_WARN_DOCUMENTATION_COMMENTS = YES;
				CLANG_WARN_EMPTY_BODY = YES;
				CLANG_WARN_ENUM_CONVERSION = YES;
				CLANG_WARN_INFINITE_RECURSION = YES;
				CLANG_WARN_INT_CONVERSION = YES;
				CLANG_WARN_NON_LITERAL_NULL_CONVERSION = YES;
				CLANG_WARN_OBJC_IMPLICIT_RETAIN_SELF = YES;
				CLANG_WARN_OBJC_LITERAL_CONVERSION = YES;
				CLANG_WARN_OBJC_ROOT_CLASS = YES_ERROR;
				CLANG_WARN_QUOTED_INCLUDE_IN_FRAMEWORK_HEADER = YES;
				CLANG_WARN_RANGE_LOOP_ANALYSIS = YES;
				CLANG_WARN_STRICT_PROTOTYPES = YES;
				CLANG_WARN_SUSPICIOUS_MOVE = YES;
				CLANG_WARN_UNGUARDED_AVAILABILITY = YES_AGGRESSIVE;
				CLANG_WARN_UNREACHABLE_CODE = YES;
				CLANG_WARN__DUPLICATE_METHOD_MATCH = YES;
				COPY_PHASE_STRIP = NO;
				DEBUG_INFORMATION_FORMAT = "dwarf-with-dsym";
				ENABLE_NS_ASSERTIONS = NO;
				ENABLE_STRICT_OBJC_MSGSEND = YES;
				GCC_C_LANGUAGE_STANDARD = gnu11;
				GCC_NO_COMMON_BLOCKS = YES;
				GCC_WARN_64_TO_32_BIT_CONVERSION = YES;
				GCC_WARN_ABOUT_RETURN_TYPE = YES_ERROR;
				GCC_WARN_UNDECLARED_SELECTOR = YES;
				GCC_WARN_UNINITIALIZED_AUTOS = YES_AGGRESSIVE;
				GCC_WARN_UNUSED_FUNCTION = YES;
				GCC_WARN_UNUSED_VARIABLE = YES;
				IPHONEOS_DEPLOYMENT_TARGET = 14.5;
				MTL_ENABLE_DEBUG_INFO = NO;
				MTL_FAST_MATH = YES;
				SDKROOT = iphoneos;
				SWIFT_COMPILATION_MODE = wholemodule;
				SWIFT_OPTIMIZATION_LEVEL = "-O";
				VALIDATE_PRODUCT = YES;
			};
			name = Release;
		};
		3A8BD82B26D9F84C005158B6 /* Debug */ = {
			isa = XCBuildConfiguration;
			buildSettings = {
				ASSETCATALOG_COMPILER_APPICON_NAME = AppIcon;
				ASSETCATALOG_COMPILER_GLOBAL_ACCENT_COLOR_NAME = AccentColor;
				CODE_SIGN_STYLE = Automatic;
				DEVELOPMENT_TEAM = 9A24N85TWQ;
				INFOPLIST_FILE = Ashiato/Info.plist;
				LD_RUNPATH_SEARCH_PATHS = (
					"$(inherited)",
					"@executable_path/Frameworks",
				);
				PRODUCT_BUNDLE_IDENTIFIER = test.Ashiato;
				PRODUCT_NAME = "$(TARGET_NAME)";
				SWIFT_VERSION = 5.0;
				TARGETED_DEVICE_FAMILY = "1,2";
			};
			name = Debug;
		};
		3A8BD82C26D9F84C005158B6 /* Release */ = {
			isa = XCBuildConfiguration;
			buildSettings = {
				ASSETCATALOG_COMPILER_APPICON_NAME = AppIcon;
				ASSETCATALOG_COMPILER_GLOBAL_ACCENT_COLOR_NAME = AccentColor;
				CODE_SIGN_STYLE = Automatic;
				DEVELOPMENT_TEAM = 9A24N85TWQ;
				INFOPLIST_FILE = Ashiato/Info.plist;
				LD_RUNPATH_SEARCH_PATHS = (
					"$(inherited)",
					"@executable_path/Frameworks",
				);
				PRODUCT_BUNDLE_IDENTIFIER = test.Ashiato;
				PRODUCT_NAME = "$(TARGET_NAME)";
				SWIFT_VERSION = 5.0;
				TARGETED_DEVICE_FAMILY = "1,2";
			};
			name = Release;
		};
/* End XCBuildConfiguration section */

/* Begin XCConfigurationList section */
		3A8BD81126D9F84B005158B6 /* Build configuration list for PBXProject "Ashiato" */ = {
			isa = XCConfigurationList;
			buildConfigurations = (
				3A8BD82826D9F84C005158B6 /* Debug */,
				3A8BD82926D9F84C005158B6 /* Release */,
			);
			defaultConfigurationIsVisible = 0;
			defaultConfigurationName = Release;
		};
		3A8BD82A26D9F84C005158B6 /* Build configuration list for PBXNativeTarget "Ashiato" */ = {
			isa = XCConfigurationList;
			buildConfigurations = (
				3A8BD82B26D9F84C005158B6 /* Debug */,
				3A8BD82C26D9F84C005158B6 /* Release */,
			);
			defaultConfigurationIsVisible = 0;
			defaultConfigurationName = Release;
		};
/* End XCConfigurationList section */
	};
	rootObject = 3A8BD80E26D9F84B005158B6 /* Project object */;
}
